
Microsoft Visual Studio Solution File, Format Version 12.00
# Visual Studio 14
VisualStudioVersion = 14.0.23107.0
MinimumVisualStudioVersion = 10.0.40219.1
Project("{FAE04EC0-301F-11D3-BF4B-00C04F79EFBC}") = "KolokwiumREST", "KolokwiumREST\KolokwiumREST.csproj", "{2146AAC7-4DC6-4285-A67D-928981D740A9}"
EndProject
Project("{FAE04EC0-301F-11D3-BF4B-00C04F79EFBC}") = "ConsoleMain", "ConsoleMain\ConsoleMain.csproj", "{763C3B1D-5DE4-40EB-BF3B-B3D049E2ABDC}"
EndProject
Global
	GlobalSection(SolutionConfigurationPlatforms) = preSolution
		Debug|Any CPU = Debug|Any CPU
		Release|Any CPU = Release|Any CPU
	EndGlobalSection
	GlobalSection(ProjectConfigurationPlatforms) = postSolution
		{2146AAC7-4DC6-4285-A67D-928981D740A9}.Debug|Any CPU.ActiveCfg = Debug|Any CPU
		{2146AAC7-4DC6-4285-A67D-928981D740A9}.Debug|Any CPU.Build.0 = Debug|Any CPU
		{2146AAC7-4DC6-4285-A67D-928981D740A9}.Release|Any CPU.ActiveCfg = Release|Any CPU
		{2146AAC7-4DC6-4285-A67D-928981D740A9}.Release|Any CPU.Build.0 = Release|Any CPU
		{763C3B1D-5DE4-40EB-BF3B-B3D049E2ABDC}.Debug|Any CPU.ActiveCfg = Debug|Any CPU
		{763C3B1D-5DE4-40EB-BF3B-B3D049E2ABDC}.Debug|Any CPU.Build.0 = Debug|Any CPU
		{763C3B1D-5DE4-40EB-BF3B-B3D049E2ABDC}.Release|Any CPU.ActiveCfg = Release|Any CPU
		{763C3B1D-5DE4-40EB-BF3B-B3D049E2ABDC}.Release|Any CPU.Build.0 = Release|Any CPU
	EndGlobalSection
	GlobalSection(SolutionProperties) = preSolution
		HideSolutionNode = FALSE
	EndGlobalSection
EndGlobal
